
Microsoft Visual Studio Solution File, Format Version 12.00
# Visual Studio 15
VisualStudioVersion = 15.0.36324.19
MinimumVisualStudioVersion = 10.0.40219.1
Project("{FAE04EC0-301F-11D3-BF4B-00C04F79EFBC}") = "Sampledata", "Sampledata\Sampledata.csproj", "{1432DC1A-D669-4D25-A54E-4953CD206C56}"
EndProject
Global
	GlobalSection(SolutionConfigurationPlatforms) = preSolution
		Debug|Any CPU = Debug|Any CPU
		Release|Any CPU = Release|Any CPU
	EndGlobalSection
	GlobalSection(ProjectConfigurationPlatforms) = postSolution
		{1432DC1A-D669-4D25-A54E-4953CD206C56}.Debug|Any CPU.ActiveCfg = Debug|Any CPU
		{1432DC1A-D669-4D25-A54E-4953CD206C56}.Debug|Any CPU.Build.0 = Debug|Any CPU
		{1432DC1A-D669-4D25-A54E-4953CD206C56}.Release|Any CPU.ActiveCfg = Release|Any CPU
		{1432DC1A-D669-4D25-A54E-4953CD206C56}.Release|Any CPU.Build.0 = Release|Any CPU
	EndGlobalSection
	GlobalSection(SolutionProperties) = preSolution
		HideSolutionNode = FALSE
	EndGlobalSection
	GlobalSection(ExtensibilityGlobals) = postSolution
		SolutionGuid = {1B18565C-2028-4C36-9292-1810134DDFE3}
	EndGlobalSection
EndGlobal
